// !$*UTF8*$!
{
	archiveVersion = 1;
	classes = {
	};
	objectVersion = 56;
	objects = {

/* Begin PBXBuildFile section */
		09406FD62B1CCD8B00FF0BD5 /* AppDelegate.swift in Sources */ = {isa = PBXBuildFile; fileRef = 09406FD52B1CCD8B00FF0BD5 /* AppDelegate.swift */; };
		09406FD82B1CCD8B00FF0BD5 /* SceneDelegate.swift in Sources */ = {isa = PBXBuildFile; fileRef = 09406FD72B1CCD8B00FF0BD5 /* SceneDelegate.swift */; };
		09406FDA2B1CCD8B00FF0BD5 /* ViewController.swift in Sources */ = {isa = PBXBuildFile; fileRef = 09406FD92B1CCD8B00FF0BD5 /* ViewController.swift */; };
		09406FDD2B1CCD8B00FF0BD5 /* Main.storyboard in Resources */ = {isa = PBXBuildFile; fileRef = 09406FDB2B1CCD8B00FF0BD5 /* Main.storyboard */; };
		09406FDF2B1CCD8D00FF0BD5 /* Assets.xcassets in Resources */ = {isa = PBXBuildFile; fileRef = 09406FDE2B1CCD8D00FF0BD5 /* Assets.xcassets */; };
		09406FE22B1CCD8D00FF0BD5 /* LaunchScreen.storyboard in Resources */ = {isa = PBXBuildFile; fileRef = 09406FE02B1CCD8D00FF0BD5 /* LaunchScreen.storyboard */; };
		09672B3A2B1F8B240078C618 /* DatabaseHelper.swift in Sources */ = {isa = PBXBuildFile; fileRef = 09672B392B1F8B240078C618 /* DatabaseHelper.swift */; };
		09672B3C2B1F8D270078C618 /* GoogleService-Info.plist in Resources */ = {isa = PBXBuildFile; fileRef = 09672B3B2B1F8D270078C618 /* GoogleService-Info.plist */; };
		09672B3E2B1FB3950078C618 /* UserRepository.swift in Sources */ = {isa = PBXBuildFile; fileRef = 09672B3D2B1FB3950078C618 /* UserRepository.swift */; };
		09A8A8B72B1CE52800BA0D6F /* ChatRoomViewController.swift in Sources */ = {isa = PBXBuildFile; fileRef = 09A8A8B52B1CE52800BA0D6F /* ChatRoomViewController.swift */; };
		09A8A8B82B1CE52800BA0D6F /* ChatRoomViewController.xib in Resources */ = {isa = PBXBuildFile; fileRef = 09A8A8B62B1CE52800BA0D6F /* ChatRoomViewController.xib */; };
		09A8A8BA2B1CE59100BA0D6F /* MessageModel.swift in Sources */ = {isa = PBXBuildFile; fileRef = 09A8A8B92B1CE59100BA0D6F /* MessageModel.swift */; };
		09A8A8BF2B1CE5FA00BA0D6F /* MyMessageTableViewCell.swift in Sources */ = {isa = PBXBuildFile; fileRef = 09A8A8BD2B1CE5FA00BA0D6F /* MyMessageTableViewCell.swift */; };
		09A8A8C02B1CE5FA00BA0D6F /* MyMessageTableViewCell.xib in Resources */ = {isa = PBXBuildFile; fileRef = 09A8A8BE2B1CE5FA00BA0D6F /* MyMessageTableViewCell.xib */; };
		09A8A8C32B1CE61000BA0D6F /* OthersMessageTableViewCell.swift in Sources */ = {isa = PBXBuildFile; fileRef = 09A8A8C12B1CE61000BA0D6F /* OthersMessageTableViewCell.swift */; };
		09A8A8C42B1CE61000BA0D6F /* OthersMessageTableViewCell.xib in Resources */ = {isa = PBXBuildFile; fileRef = 09A8A8C22B1CE61000BA0D6F /* OthersMessageTableViewCell.xib */; };
		09D89DE62B20F07B002ECC5A /* UITextFieldExtensions.swift in Sources */ = {isa = PBXBuildFile; fileRef = 09D89DE52B20F07B002ECC5A /* UITextFieldExtensions.swift */; };
		B6DF26B9561E291B16F55CFA /* Pods_anonymousChat.framework in Frameworks */ = {isa = PBXBuildFile; fileRef = 5828AE10BCB3B307C10054EA /* Pods_anonymousChat.framework */; };
/* End PBXBuildFile section */

/* Begin PBXFileReference section */
		05ABD8C37CE9E1441275EF78 /* Pods-anonymousChat.release.xcconfig */ = {isa = PBXFileReference; includeInIndex = 1; lastKnownFileType = text.xcconfig; name = "Pods-anonymousChat.release.xcconfig"; path = "Target Support Files/Pods-anonymousChat/Pods-anonymousChat.release.xcconfig"; sourceTree = "<group>"; };
		09406FD22B1CCD8B00FF0BD5 /* anonymousChat.app */ = {isa = PBXFileReference; explicitFileType = wrapper.application; includeInIndex = 0; path = anonymousChat.app; sourceTree = BUILT_PRODUCTS_DIR; };
		09406FD52B1CCD8B00FF0BD5 /* AppDelegate.swift */ = {isa = PBXFileReference; lastKnownFileType = sourcecode.swift; path = AppDelegate.swift; sourceTree = "<group>"; };
		09406FD72B1CCD8B00FF0BD5 /* SceneDelegate.swift */ = {isa = PBXFileReference; lastKnownFileType = sourcecode.swift; path = SceneDelegate.swift; sourceTree = "<group>"; };
		09406FD92B1CCD8B00FF0BD5 /* ViewController.swift */ = {isa = PBXFileReference; lastKnownFileType = sourcecode.swift; path = ViewController.swift; sourceTree = "<group>"; };
		09406FDC2B1CCD8B00FF0BD5 /* Base */ = {isa = PBXFileReference; lastKnownFileType = file.storyboard; name = Base; path = Base.lproj/Main.storyboard; sourceTree = "<group>"; };
		09406FDE2B1CCD8D00FF0BD5 /* Assets.xcassets */ = {isa = PBXFileReference; lastKnownFileType = folder.assetcatalog; path = Assets.xcassets; sourceTree = "<group>"; };
		09406FE12B1CCD8D00FF0BD5 /* Base */ = {isa = PBXFileReference; lastKnownFileType = file.storyboard; name = Base; path = Base.lproj/LaunchScreen.storyboard; sourceTree = "<group>"; };
		09406FE32B1CCD8D00FF0BD5 /* Info.plist */ = {isa = PBXFileReference; lastKnownFileType = text.plist.xml; path = Info.plist; sourceTree = "<group>"; };
		09672B392B1F8B240078C618 /* DatabaseHelper.swift */ = {isa = PBXFileReference; lastKnownFileType = sourcecode.swift; path = DatabaseHelper.swift; sourceTree = "<group>"; };
		09672B3B2B1F8D270078C618 /* GoogleService-Info.plist */ = {isa = PBXFileReference; fileEncoding = 4; lastKnownFileType = text.plist.xml; path = "GoogleService-Info.plist"; sourceTree = "<group>"; };
		09672B3D2B1FB3950078C618 /* UserRepository.swift */ = {isa = PBXFileReference; lastKnownFileType = sourcecode.swift; path = UserRepository.swift; sourceTree = "<group>"; };
		09A8A8B52B1CE52800BA0D6F /* ChatRoomViewController.swift */ = {isa = PBXFileReference; lastKnownFileType = sourcecode.swift; path = ChatRoomViewController.swift; sourceTree = "<group>"; };
		09A8A8B62B1CE52800BA0D6F /* ChatRoomViewController.xib */ = {isa = PBXFileReference; lastKnownFileType = file.xib; path = ChatRoomViewController.xib; sourceTree = "<group>"; };
		09A8A8B92B1CE59100BA0D6F /* MessageModel.swift */ = {isa = PBXFileReference; lastKnownFileType = sourcecode.swift; path = MessageModel.swift; sourceTree = "<group>"; };
		09A8A8BD2B1CE5FA00BA0D6F /* MyMessageTableViewCell.swift */ = {isa = PBXFileReference; lastKnownFileType = sourcecode.swift; path = MyMessageTableViewCell.swift; sourceTree = "<group>"; };
		09A8A8BE2B1CE5FA00BA0D6F /* MyMessageTableViewCell.xib */ = {isa = PBXFileReference; lastKnownFileType = file.xib; path = MyMessageTableViewCell.xib; sourceTree = "<group>"; };
		09A8A8C12B1CE61000BA0D6F /* OthersMessageTableViewCell.swift */ = {isa = PBXFileReference; lastKnownFileType = sourcecode.swift; path = OthersMessageTableViewCell.swift; sourceTree = "<group>"; };
		09A8A8C22B1CE61000BA0D6F /* OthersMessageTableViewCell.xib */ = {isa = PBXFileReference; lastKnownFileType = file.xib; path = OthersMessageTableViewCell.xib; sourceTree = "<group>"; };
		09D89DE52B20F07B002ECC5A /* UITextFieldExtensions.swift */ = {isa = PBXFileReference; lastKnownFileType = sourcecode.swift; path = UITextFieldExtensions.swift; sourceTree = "<group>"; };
		5828AE10BCB3B307C10054EA /* Pods_anonymousChat.framework */ = {isa = PBXFileReference; explicitFileType = wrapper.framework; includeInIndex = 0; path = Pods_anonymousChat.framework; sourceTree = BUILT_PRODUCTS_DIR; };
		87DDAACC3459C64B0C40E262 /* Pods-anonymousChat.debug.xcconfig */ = {isa = PBXFileReference; includeInIndex = 1; lastKnownFileType = text.xcconfig; name = "Pods-anonymousChat.debug.xcconfig"; path = "Target Support Files/Pods-anonymousChat/Pods-anonymousChat.debug.xcconfig"; sourceTree = "<group>"; };
/* End PBXFileReference section */

/* Begin PBXFrameworksBuildPhase section */
		09406FCF2B1CCD8B00FF0BD5 /* Frameworks */ = {
			isa = PBXFrameworksBuildPhase;
			buildActionMask = 2147483647;
			files = (
				B6DF26B9561E291B16F55CFA /* Pods_anonymousChat.framework in Frameworks */,
			);
			runOnlyForDeploymentPostprocessing = 0;
		};
/* End PBXFrameworksBuildPhase section */

/* Begin PBXGroup section */
		09406FC92B1CCD8B00FF0BD5 = {
			isa = PBXGroup;
			children = (
				09406FD42B1CCD8B00FF0BD5 /* anonymousChat */,
				09406FD32B1CCD8B00FF0BD5 /* Products */,
				22C00C06C4ECACC50B770CC7 /* Pods */,
				923021C07DF94F0D8AB3F114 /* Frameworks */,
			);
			sourceTree = "<group>";
		};
		09406FD32B1CCD8B00FF0BD5 /* Products */ = {
			isa = PBXGroup;
			children = (
				09406FD22B1CCD8B00FF0BD5 /* anonymousChat.app */,
			);
			name = Products;
			sourceTree = "<group>";
		};
		09406FD42B1CCD8B00FF0BD5 /* anonymousChat */ = {
			isa = PBXGroup;
			children = (
				09D89DE42B20F060002ECC5A /* Utility */,
				09672B382B1F8B0C0078C618 /* DatabaseHelper */,
				09A8A8B32B1CE50300BA0D6F /* ChatRoom */,
				09A8A8B22B1CE2BC00BA0D6F /* HomeScreen */,
				09406FD52B1CCD8B00FF0BD5 /* AppDelegate.swift */,
				09406FD72B1CCD8B00FF0BD5 /* SceneDelegate.swift */,
				09406FDE2B1CCD8D00FF0BD5 /* Assets.xcassets */,
				09406FE02B1CCD8D00FF0BD5 /* LaunchScreen.storyboard */,
				09406FE32B1CCD8D00FF0BD5 /* Info.plist */,
				09672B3B2B1F8D270078C618 /* GoogleService-Info.plist */,
			);
			path = anonymousChat;
			sourceTree = "<group>";
		};
		09672B382B1F8B0C0078C618 /* DatabaseHelper */ = {
			isa = PBXGroup;
			children = (
				09672B392B1F8B240078C618 /* DatabaseHelper.swift */,
				09672B3D2B1FB3950078C618 /* UserRepository.swift */,
			);
			path = DatabaseHelper;
			sourceTree = "<group>";
		};
		09A8A8B22B1CE2BC00BA0D6F /* HomeScreen */ = {
			isa = PBXGroup;
			children = (
				09406FD92B1CCD8B00FF0BD5 /* ViewController.swift */,
				09406FDB2B1CCD8B00FF0BD5 /* Main.storyboard */,
			);
			path = HomeScreen;
			sourceTree = "<group>";
		};
		09A8A8B32B1CE50300BA0D6F /* ChatRoom */ = {
			isa = PBXGroup;
			children = (
				09A8A8BC2B1CE5D500BA0D6F /* TableViewCell */,
				09A8A8B42B1CE50D00BA0D6F /* ViewController */,
				09A8A8BB2B1CE5CB00BA0D6F /* Model */,
			);
			path = ChatRoom;
			sourceTree = "<group>";
		};
		09A8A8B42B1CE50D00BA0D6F /* ViewController */ = {
			isa = PBXGroup;
			children = (
				09A8A8B52B1CE52800BA0D6F /* ChatRoomViewController.swift */,
				09A8A8B62B1CE52800BA0D6F /* ChatRoomViewController.xib */,
			);
			path = ViewController;
			sourceTree = "<group>";
		};
		09A8A8BB2B1CE5CB00BA0D6F /* Model */ = {
			isa = PBXGroup;
			children = (
				09A8A8B92B1CE59100BA0D6F /* MessageModel.swift */,
			);
			path = Model;
			sourceTree = "<group>";
		};
		09A8A8BC2B1CE5D500BA0D6F /* TableViewCell */ = {
			isa = PBXGroup;
			children = (
				09A8A8BD2B1CE5FA00BA0D6F /* MyMessageTableViewCell.swift */,
				09A8A8BE2B1CE5FA00BA0D6F /* MyMessageTableViewCell.xib */,
				09A8A8C12B1CE61000BA0D6F /* OthersMessageTableViewCell.swift */,
				09A8A8C22B1CE61000BA0D6F /* OthersMessageTableViewCell.xib */,
			);
			path = TableViewCell;
			sourceTree = "<group>";
		};
		09D89DE42B20F060002ECC5A /* Utility */ = {
			isa = PBXGroup;
			children = (
				09D89DE52B20F07B002ECC5A /* UITextFieldExtensions.swift */,
			);
			path = Utility;
			sourceTree = "<group>";
		};
		22C00C06C4ECACC50B770CC7 /* Pods */ = {
			isa = PBXGroup;
			children = (
				87DDAACC3459C64B0C40E262 /* Pods-anonymousChat.debug.xcconfig */,
				05ABD8C37CE9E1441275EF78 /* Pods-anonymousChat.release.xcconfig */,
			);
			path = Pods;
			sourceTree = "<group>";
		};
		923021C07DF94F0D8AB3F114 /* Frameworks */ = {
			isa = PBXGroup;
			children = (
				5828AE10BCB3B307C10054EA /* Pods_anonymousChat.framework */,
			);
			name = Frameworks;
			sourceTree = "<group>";
		};
/* End PBXGroup section */

/* Begin PBXNativeTarget section */
		09406FD12B1CCD8B00FF0BD5 /* anonymousChat */ = {
			isa = PBXNativeTarget;
			buildConfigurationList = 09406FE62B1CCD8D00FF0BD5 /* Build configuration list for PBXNativeTarget "anonymousChat" */;
			buildPhases = (
				89DD71C9174CB61856138BB9 /* [CP] Check Pods Manifest.lock */,
				09406FCE2B1CCD8B00FF0BD5 /* Sources */,
				09406FCF2B1CCD8B00FF0BD5 /* Frameworks */,
				09406FD02B1CCD8B00FF0BD5 /* Resources */,
				A0BE8839F6F42B7ADF2429F3 /* [CP] Embed Pods Frameworks */,
			);
			buildRules = (
			);
			dependencies = (
			);
			name = anonymousChat;
			productName = anonymousChat;
			productReference = 09406FD22B1CCD8B00FF0BD5 /* anonymousChat.app */;
			productType = "com.apple.product-type.application";
		};
/* End PBXNativeTarget section */

/* Begin PBXProject section */
		09406FCA2B1CCD8B00FF0BD5 /* Project object */ = {
			isa = PBXProject;
			attributes = {
				BuildIndependentTargetsInParallel = 1;
				LastSwiftUpdateCheck = 1500;
				LastUpgradeCheck = 1500;
				TargetAttributes = {
					09406FD12B1CCD8B00FF0BD5 = {
						CreatedOnToolsVersion = 15.0;
					};
				};
			};
			buildConfigurationList = 09406FCD2B1CCD8B00FF0BD5 /* Build configuration list for PBXProject "anonymousChat" */;
			compatibilityVersion = "Xcode 14.0";
			developmentRegion = en;
			hasScannedForEncodings = 0;
			knownRegions = (
				en,
				Base,
			);
			mainGroup = 09406FC92B1CCD8B00FF0BD5;
			productRefGroup = 09406FD32B1CCD8B00FF0BD5 /* Products */;
			projectDirPath = "";
			projectRoot = "";
			targets = (
				09406FD12B1CCD8B00FF0BD5 /* anonymousChat */,
			);
		};
/* End PBXProject section */

/* Begin PBXResourcesBuildPhase section */
		09406FD02B1CCD8B00FF0BD5 /* Resources */ = {
			isa = PBXResourcesBuildPhase;
			buildActionMask = 2147483647;
			files = (
				09406FE22B1CCD8D00FF0BD5 /* LaunchScreen.storyboard in Resources */,
				09A8A8C42B1CE61000BA0D6F /* OthersMessageTableViewCell.xib in Resources */,
				09A8A8B82B1CE52800BA0D6F /* ChatRoomViewController.xib in Resources */,
				09A8A8C02B1CE5FA00BA0D6F /* MyMessageTableViewCell.xib in Resources */,
				09406FDF2B1CCD8D00FF0BD5 /* Assets.xcassets in Resources */,
				09406FDD2B1CCD8B00FF0BD5 /* Main.storyboard in Resources */,
				09672B3C2B1F8D270078C618 /* GoogleService-Info.plist in Resources */,
			);
			runOnlyForDeploymentPostprocessing = 0;
		};
/* End PBXResourcesBuildPhase section */

/* Begin PBXShellScriptBuildPhase section */
		89DD71C9174CB61856138BB9 /* [CP] Check Pods Manifest.lock */ = {
			isa = PBXShellScriptBuildPhase;
			buildActionMask = 2147483647;
			files = (
			);
			inputFileListPaths = (
			);
			inputPaths = (
				"${PODS_PODFILE_DIR_PATH}/Podfile.lock",
				"${PODS_ROOT}/Manifest.lock",
			);
			name = "[CP] Check Pods Manifest.lock";
			outputFileListPaths = (
			);
			outputPaths = (
				"$(DERIVED_FILE_DIR)/Pods-anonymousChat-checkManifestLockResult.txt",
			);
			runOnlyForDeploymentPostprocessing = 0;
			shellPath = /bin/sh;
			shellScript = "diff \"${PODS_PODFILE_DIR_PATH}/Podfile.lock\" \"${PODS_ROOT}/Manifest.lock\" > /dev/null\nif [ $? != 0 ] ; then\n    # print error to STDERR\n    echo \"error: The sandbox is not in sync with the Podfile.lock. Run 'pod install' or update your CocoaPods installation.\" >&2\n    exit 1\nfi\n# This output is used by Xcode 'outputs' to avoid re-running this script phase.\necho \"SUCCESS\" > \"${SCRIPT_OUTPUT_FILE_0}\"\n";
			showEnvVarsInLog = 0;
		};
		A0BE8839F6F42B7ADF2429F3 /* [CP] Embed Pods Frameworks */ = {
			isa = PBXShellScriptBuildPhase;
			buildActionMask = 2147483647;
			files = (
			);
			inputFileListPaths = (
				"${PODS_ROOT}/Target Support Files/Pods-anonymousChat/Pods-anonymousChat-frameworks-${CONFIGURATION}-input-files.xcfilelist",
			);
			name = "[CP] Embed Pods Frameworks";
			outputFileListPaths = (
				"${PODS_ROOT}/Target Support Files/Pods-anonymousChat/Pods-anonymousChat-frameworks-${CONFIGURATION}-output-files.xcfilelist",
			);
			runOnlyForDeploymentPostprocessing = 0;
			shellPath = /bin/sh;
			shellScript = "\"${PODS_ROOT}/Target Support Files/Pods-anonymousChat/Pods-anonymousChat-frameworks.sh\"\n";
			showEnvVarsInLog = 0;
		};
/* End PBXShellScriptBuildPhase section */

/* Begin PBXSourcesBuildPhase section */
		09406FCE2B1CCD8B00FF0BD5 /* Sources */ = {
			isa = PBXSourcesBuildPhase;
			buildActionMask = 2147483647;
			files = (
				09A8A8BA2B1CE59100BA0D6F /* MessageModel.swift in Sources */,
				09406FDA2B1CCD8B00FF0BD5 /* ViewController.swift in Sources */,
				09672B3E2B1FB3950078C618 /* UserRepository.swift in Sources */,
				09406FD62B1CCD8B00FF0BD5 /* AppDelegate.swift in Sources */,
				09A8A8BF2B1CE5FA00BA0D6F /* MyMessageTableViewCell.swift in Sources */,
				09672B3A2B1F8B240078C618 /* DatabaseHelper.swift in Sources */,
				09A8A8C32B1CE61000BA0D6F /* OthersMessageTableViewCell.swift in Sources */,
				09D89DE62B20F07B002ECC5A /* UITextFieldExtensions.swift in Sources */,
				09406FD82B1CCD8B00FF0BD5 /* SceneDelegate.swift in Sources */,
				09A8A8B72B1CE52800BA0D6F /* ChatRoomViewController.swift in Sources */,
			);
			runOnlyForDeploymentPostprocessing = 0;
		};
/* End PBXSourcesBuildPhase section */

/* Begin PBXVariantGroup section */
		09406FDB2B1CCD8B00FF0BD5 /* Main.storyboard */ = {
			isa = PBXVariantGroup;
			children = (
				09406FDC2B1CCD8B00FF0BD5 /* Base */,
			);
			name = Main.storyboard;
			sourceTree = "<group>";
		};
		09406FE02B1CCD8D00FF0BD5 /* LaunchScreen.storyboard */ = {
			isa = PBXVariantGroup;
			children = (
				09406FE12B1CCD8D00FF0BD5 /* Base */,
			);
			name = LaunchScreen.storyboard;
			sourceTree = "<group>";
		};
/* End PBXVariantGroup section */

/* Begin XCBuildConfiguration section */
		09406FE42B1CCD8D00FF0BD5 /* Debug */ = {
			isa = XCBuildConfiguration;
			buildSettings = {
				ALWAYS_SEARCH_USER_PATHS = NO;
				ASSETCATALOG_COMPILER_GENERATE_SWIFT_ASSET_SYMBOL_EXTENSIONS = YES;
				CLANG_ANALYZER_NONNULL = YES;
				CLANG_ANALYZER_NUMBER_OBJECT_CONVERSION = YES_AGGRESSIVE;
				CLANG_CXX_LANGUAGE_STANDARD = "gnu++20";
				CLANG_ENABLE_MODULES = YES;
				CLANG_ENABLE_OBJC_ARC = YES;
				CLANG_ENABLE_OBJC_WEAK = YES;
				CLANG_WARN_BLOCK_CAPTURE_AUTORELEASING = YES;
				CLANG_WARN_BOOL_CONVERSION = YES;
				CLANG_WARN_COMMA = YES;
				CLANG_WARN_CONSTANT_CONVERSION = YES;
				CLANG_WARN_DEPRECATED_OBJC_IMPLEMENTATIONS = YES;
				CLANG_WARN_DIRECT_OBJC_ISA_USAGE = YES_ERROR;
				CLANG_WARN_DOCUMENTATION_COMMENTS = YES;
				CLANG_WARN_EMPTY_BODY = YES;
				CLANG_WARN_ENUM_CONVERSION = YES;
				CLANG_WARN_INFINITE_RECURSION = YES;
				CLANG_WARN_INT_CONVERSION = YES;
				CLANG_WARN_NON_LITERAL_NULL_CONVERSION = YES;
				CLANG_WARN_OBJC_IMPLICIT_RETAIN_SELF = YES;
				CLANG_WARN_OBJC_LITERAL_CONVERSION = YES;
				CLANG_WARN_OBJC_ROOT_CLASS = YES_ERROR;
				CLANG_WARN_QUOTED_INCLUDE_IN_FRAMEWORK_HEADER = YES;
				CLANG_WARN_RANGE_LOOP_ANALYSIS = YES;
				CLANG_WARN_STRICT_PROTOTYPES = YES;
				CLANG_WARN_SUSPICIOUS_MOVE = YES;
				CLANG_WARN_UNGUARDED_AVAILABILITY = YES_AGGRESSIVE;
				CLANG_WARN_UNREACHABLE_CODE = YES;
				CLANG_WARN__DUPLICATE_METHOD_MATCH = YES;
				COPY_PHASE_STRIP = NO;
				DEBUG_INFORMATION_FORMAT = dwarf;
				ENABLE_STRICT_OBJC_MSGSEND = YES;
				ENABLE_TESTABILITY = YES;
				ENABLE_USER_SCRIPT_SANDBOXING = YES;
				GCC_C_LANGUAGE_STANDARD = gnu17;
				GCC_DYNAMIC_NO_PIC = NO;
				GCC_NO_COMMON_BLOCKS = YES;
				GCC_OPTIMIZATION_LEVEL = 0;
				GCC_PREPROCESSOR_DEFINITIONS = (
					"DEBUG=1",
					"$(inherited)",
				);
				GCC_WARN_64_TO_32_BIT_CONVERSION = YES;
				GCC_WARN_ABOUT_RETURN_TYPE = YES_ERROR;
				GCC_WARN_UNDECLARED_SELECTOR = YES;
				GCC_WARN_UNINITIALIZED_AUTOS = YES_AGGRESSIVE;
				GCC_WARN_UNUSED_FUNCTION = YES;
				GCC_WARN_UNUSED_VARIABLE = YES;
				IPHONEOS_DEPLOYMENT_TARGET = 17.0;
				LOCALIZATION_PREFERS_STRING_CATALOGS = YES;
				MTL_ENABLE_DEBUG_INFO = INCLUDE_SOURCE;
				MTL_FAST_MATH = YES;
				ONLY_ACTIVE_ARCH = YES;
				SDKROOT = iphoneos;
				SWIFT_ACTIVE_COMPILATION_CONDITIONS = "DEBUG $(inherited)";
				SWIFT_OPTIMIZATION_LEVEL = "-Onone";
			};
			name = Debug;
		};
		09406FE52B1CCD8D00FF0BD5 /* Release */ = {
			isa = XCBuildConfiguration;
			buildSettings = {
				ALWAYS_SEARCH_USER_PATHS = NO;
				ASSETCATALOG_COMPILER_GENERATE_SWIFT_ASSET_SYMBOL_EXTENSIONS = YES;
				CLANG_ANALYZER_NONNULL = YES;
				CLANG_ANALYZER_NUMBER_OBJECT_CONVERSION = YES_AGGRESSIVE;
				CLANG_CXX_LANGUAGE_STANDARD = "gnu++20";
				CLANG_ENABLE_MODULES = YES;
				CLANG_ENABLE_OBJC_ARC = YES;
				CLANG_ENABLE_OBJC_WEAK = YES;
				CLANG_WARN_BLOCK_CAPTURE_AUTORELEASING = YES;
				CLANG_WARN_BOOL_CONVERSION = YES;
				CLANG_WARN_COMMA = YES;
				CLANG_WARN_CONSTANT_CONVERSION = YES;
				CLANG_WARN_DEPRECATED_OBJC_IMPLEMENTATIONS = YES;
				CLANG_WARN_DIRECT_OBJC_ISA_USAGE = YES_ERROR;
				CLANG_WARN_DOCUMENTATION_COMMENTS = YES;
				CLANG_WARN_EMPTY_BODY = YES;
				CLANG_WARN_ENUM_CONVERSION = YES;
				CLANG_WARN_INFINITE_RECURSION = YES;
				CLANG_WARN_INT_CONVERSION = YES;
				CLANG_WARN_NON_LITERAL_NULL_CONVERSION = YES;
				CLANG_WARN_OBJC_IMPLICIT_RETAIN_SELF = YES;
				CLANG_WARN_OBJC_LITERAL_CONVERSION = YES;
				CLANG_WARN_OBJC_ROOT_CLASS = YES_ERROR;
				CLANG_WARN_QUOTED_INCLUDE_IN_FRAMEWORK_HEADER = YES;
				CLANG_WARN_RANGE_LOOP_ANALYSIS = YES;
				CLANG_WARN_STRICT_PROTOTYPES = YES;
				CLANG_WARN_SUSPICIOUS_MOVE = YES;
				CLANG_WARN_UNGUARDED_AVAILABILITY = YES_AGGRESSIVE;
				CLANG_WARN_UNREACHABLE_CODE = YES;
				CLANG_WARN__DUPLICATE_METHOD_MATCH = YES;
				COPY_PHASE_STRIP = NO;
				DEBUG_INFORMATION_FORMAT = "dwarf-with-dsym";
				ENABLE_NS_ASSERTIONS = NO;
				ENABLE_STRICT_OBJC_MSGSEND = YES;
				ENABLE_USER_SCRIPT_SANDBOXING = YES;
				GCC_C_LANGUAGE_STANDARD = gnu17;
				GCC_NO_COMMON_BLOCKS = YES;
				GCC_WARN_64_TO_32_BIT_CONVERSION = YES;
				GCC_WARN_ABOUT_RETURN_TYPE = YES_ERROR;
				GCC_WARN_UNDECLARED_SELECTOR = YES;
				GCC_WARN_UNINITIALIZED_AUTOS = YES_AGGRESSIVE;
				GCC_WARN_UNUSED_FUNCTION = YES;
				GCC_WARN_UNUSED_VARIABLE = YES;
				IPHONEOS_DEPLOYMENT_TARGET = 17.0;
				LOCALIZATION_PREFERS_STRING_CATALOGS = YES;
				MTL_ENABLE_DEBUG_INFO = NO;
				MTL_FAST_MATH = YES;
				SDKROOT = iphoneos;
				SWIFT_COMPILATION_MODE = wholemodule;
				VALIDATE_PRODUCT = YES;
			};
			name = Release;
		};
		09406FE72B1CCD8D00FF0BD5 /* Debug */ = {
			isa = XCBuildConfiguration;
			baseConfigurationReference = 87DDAACC3459C64B0C40E262 /* Pods-anonymousChat.debug.xcconfig */;
			buildSettings = {
				ASSETCATALOG_COMPILER_APPICON_NAME = AppIcon;
				ASSETCATALOG_COMPILER_GLOBAL_ACCENT_COLOR_NAME = AccentColor;
				CODE_SIGN_STYLE = Automatic;
				CURRENT_PROJECT_VERSION = 1;
				DEVELOPMENT_TEAM = A28838P5S7;
				ENABLE_USER_SCRIPT_SANDBOXING = NO;
				GENERATE_INFOPLIST_FILE = YES;
				INFOPLIST_FILE = anonymousChat/Info.plist;
				INFOPLIST_KEY_UIApplicationSupportsIndirectInputEvents = YES;
				INFOPLIST_KEY_UILaunchStoryboardName = LaunchScreen;
				INFOPLIST_KEY_UIMainStoryboardFile = Main;
				INFOPLIST_KEY_UISupportedInterfaceOrientations_iPad = "UIInterfaceOrientationPortrait UIInterfaceOrientationPortraitUpsideDown UIInterfaceOrientationLandscapeLeft UIInterfaceOrientationLandscapeRight";
				INFOPLIST_KEY_UISupportedInterfaceOrientations_iPhone = "UIInterfaceOrientationPortrait UIInterfaceOrientationLandscapeLeft UIInterfaceOrientationLandscapeRight";
				LD_RUNPATH_SEARCH_PATHS = (
					"$(inherited)",
					"@executable_path/Frameworks",
				);
				MARKETING_VERSION = 1.0;
				PRODUCT_BUNDLE_IDENTIFIER = com.tcn.anonymousChat;
				PRODUCT_NAME = "$(TARGET_NAME)";
				SWIFT_EMIT_LOC_STRINGS = YES;
				SWIFT_VERSION = 5.0;
				TARGETED_DEVICE_FAMILY = "1,2";
			};
			name = Debug;
		};
		09406FE82B1CCD8D00FF0BD5 /* Release */ = {
			isa = XCBuildConfiguration;
			baseConfigurationReference = 05ABD8C37CE9E1441275EF78 /* Pods-anonymousChat.release.xcconfig */;
			buildSettings = {
				ASSETCATALOG_COMPILER_APPICON_NAME = AppIcon;
				ASSETCATALOG_COMPILER_GLOBAL_ACCENT_COLOR_NAME = AccentColor;
				CODE_SIGN_STYLE = Automatic;
				CURRENT_PROJECT_VERSION = 1;
				DEVELOPMENT_TEAM = A28838P5S7;
				ENABLE_USER_SCRIPT_SANDBOXING = NO;
				GENERATE_INFOPLIST_FILE = YES;
				INFOPLIST_FILE = anonymousChat/Info.plist;
				INFOPLIST_KEY_UIApplicationSupportsIndirectInputEvents = YES;
				INFOPLIST_KEY_UILaunchStoryboardName = LaunchScreen;
				INFOPLIST_KEY_UIMainStoryboardFile = Main;
				INFOPLIST_KEY_UISupportedInterfaceOrientations_iPad = "UIInterfaceOrientationPortrait UIInterfaceOrientationPortraitUpsideDown UIInterfaceOrientationLandscapeLeft UIInterfaceOrientationLandscapeRight";
				INFOPLIST_KEY_UISupportedInterfaceOrientations_iPhone = "UIInterfaceOrientationPortrait UIInterfaceOrientationLandscapeLeft UIInterfaceOrientationLandscapeRight";
				LD_RUNPATH_SEARCH_PATHS = (
					"$(inherited)",
					"@executable_path/Frameworks",
				);
				MARKETING_VERSION = 1.0;
				PRODUCT_BUNDLE_IDENTIFIER = com.tcn.anonymousChat;
				PRODUCT_NAME = "$(TARGET_NAME)";
				SWIFT_EMIT_LOC_STRINGS = YES;
				SWIFT_VERSION = 5.0;
				TARGETED_DEVICE_FAMILY = "1,2";
			};
			name = Release;
		};
/* End XCBuildConfiguration section */

/* Begin XCConfigurationList section */
		09406FCD2B1CCD8B00FF0BD5 /* Build configuration list for PBXProject "anonymousChat" */ = {
			isa = XCConfigurationList;
			buildConfigurations = (
				09406FE42B1CCD8D00FF0BD5 /* Debug */,
				09406FE52B1CCD8D00FF0BD5 /* Release */,
			);
			defaultConfigurationIsVisible = 0;
			defaultConfigurationName = Release;
		};
		09406FE62B1CCD8D00FF0BD5 /* Build configuration list for PBXNativeTarget "anonymousChat" */ = {
			isa = XCConfigurationList;
			buildConfigurations = (
				09406FE72B1CCD8D00FF0BD5 /* Debug */,
				09406FE82B1CCD8D00FF0BD5 /* Release */,
			);
			defaultConfigurationIsVisible = 0;
			defaultConfigurationName = Release;
		};
/* End XCConfigurationList section */
	};
	rootObject = 09406FCA2B1CCD8B00FF0BD5 /* Project object */;
}
